
Microsoft Visual Studio Solution File, Format Version 12.00
# Visual Studio 15
VisualStudioVersion = 15.0.27428.1
MinimumVisualStudioVersion = 10.0.40219.1
Project("{FAE04EC0-301F-11D3-BF4B-00C04F79EFBC}") = "HashTable", "HashTable\HashTable.csproj", "{558F6E8C-6ACD-4332-BF0D-B89A3CA11C87}"
EndProject
Global
	GlobalSection(SolutionConfigurationPlatforms) = preSolution
		Debug|Any CPU = Debug|Any CPU
		Release|Any CPU = Release|Any CPU
	EndGlobalSection
	GlobalSection(ProjectConfigurationPlatforms) = postSolution
		{558F6E8C-6ACD-4332-BF0D-B89A3CA11C87}.Debug|Any CPU.ActiveCfg = Debug|Any CPU
		{558F6E8C-6ACD-4332-BF0D-B89A3CA11C87}.Debug|Any CPU.Build.0 = Debug|Any CPU
		{558F6E8C-6ACD-4332-BF0D-B89A3CA11C87}.Release|Any CPU.ActiveCfg = Release|Any CPU
		{558F6E8C-6ACD-4332-BF0D-B89A3CA11C87}.Release|Any CPU.Build.0 = Release|Any CPU
	EndGlobalSection
	GlobalSection(SolutionProperties) = preSolution
		HideSolutionNode = FALSE
	EndGlobalSection
	GlobalSection(ExtensibilityGlobals) = postSolution
		SolutionGuid = {A1354E8C-3A49-43C9-B917-9A138EFF8CF3}
	EndGlobalSection
EndGlobal
